
Microsoft Visual Studio Solution File, Format Version 12.00
# Visual Studio Version 17
VisualStudioVersion = 17.7.34024.191
MinimumVisualStudioVersion = 10.0.40219.1
Project("{FAE04EC0-301F-11D3-BF4B-00C04F79EFBC}") = "BackEndMyApi", "BackEndMyApi\BackEndMyApi.csproj", "{1B7DE57B-08CD-4400-ADF8-FBB876F64F4B}"
EndProject
Global
	GlobalSection(SolutionConfigurationPlatforms) = preSolution
		Debug|Any CPU = Debug|Any CPU
		Release|Any CPU = Release|Any CPU
	EndGlobalSection
	GlobalSection(ProjectConfigurationPlatforms) = postSolution
		{1B7DE57B-08CD-4400-ADF8-FBB876F64F4B}.Debug|Any CPU.ActiveCfg = Debug|Any CPU
		{1B7DE57B-08CD-4400-ADF8-FBB876F64F4B}.Debug|Any CPU.Build.0 = Debug|Any CPU
		{1B7DE57B-08CD-4400-ADF8-FBB876F64F4B}.Release|Any CPU.ActiveCfg = Release|Any CPU
		{1B7DE57B-08CD-4400-ADF8-FBB876F64F4B}.Release|Any CPU.Build.0 = Release|Any CPU
	EndGlobalSection
	GlobalSection(SolutionProperties) = preSolution
		HideSolutionNode = FALSE
	EndGlobalSection
	GlobalSection(ExtensibilityGlobals) = postSolution
		SolutionGuid = {EB77756B-8967-46E8-A1A9-DF07BB8FF7DB}
	EndGlobalSection
EndGlobal
